
Microsoft Visual Studio Solution File, Format Version 12.00
# Visual Studio Version 16
VisualStudioVersion = 16.0.30114.105
MinimumVisualStudioVersion = 10.0.40219.1
Project("{FAE04EC0-301F-11D3-BF4B-00C04F79EFBC}") = "XMR02092020_OlaMundo", "XMR02092020_OlaMundo\XMR02092020_OlaMundo.csproj", "{2C0F0396-AFDD-42C5-BD02-7E59161309FE}"
EndProject
Global
	GlobalSection(SolutionConfigurationPlatforms) = preSolution
		Debug|Any CPU = Debug|Any CPU
		Release|Any CPU = Release|Any CPU
	EndGlobalSection
	GlobalSection(ProjectConfigurationPlatforms) = postSolution
		{2C0F0396-AFDD-42C5-BD02-7E59161309FE}.Debug|Any CPU.ActiveCfg = Debug|Any CPU
		{2C0F0396-AFDD-42C5-BD02-7E59161309FE}.Debug|Any CPU.Build.0 = Debug|Any CPU
		{2C0F0396-AFDD-42C5-BD02-7E59161309FE}.Debug|Any CPU.Deploy.0 = Debug|Any CPU
		{2C0F0396-AFDD-42C5-BD02-7E59161309FE}.Release|Any CPU.ActiveCfg = Release|Any CPU
		{2C0F0396-AFDD-42C5-BD02-7E59161309FE}.Release|Any CPU.Build.0 = Release|Any CPU
		{2C0F0396-AFDD-42C5-BD02-7E59161309FE}.Release|Any CPU.Deploy.0 = Release|Any CPU
	EndGlobalSection
	GlobalSection(SolutionProperties) = preSolution
		HideSolutionNode = FALSE
	EndGlobalSection
	GlobalSection(ExtensibilityGlobals) = postSolution
		SolutionGuid = {AC21F7F7-1857-4FBD-9BC1-FFAD498D8A79}
	EndGlobalSection
EndGlobal
